
Microsoft Visual Studio Solution File, Format Version 12.00
# Visual Studio 14
VisualStudioVersion = 14.0.25420.1
MinimumVisualStudioVersion = 10.0.40219.1
Project("{8BB2217D-0F2D-49D1-97BC-3654ED321F3B}") = "TickingViewSvc-Core", "TickingViewSvc\TickingViewSvc-Core.xproj", "{CA104DF1-8AD7-49D1-8BEB-9A3DFAD1E9F6}"
EndProject
Project("{FAE04EC0-301F-11D3-BF4B-00C04F79EFBC}") = "TickingViewSvc-Net", "TickingViewSvc-Net\TickingViewSvc-Net.csproj", "{6EDD05EE-AC6D-4ABC-9EFC-F0665CEF79BF}"
EndProject
Project("{FAE04EC0-301F-11D3-BF4B-00C04F79EFBC}") = "KafktaListener", "KafktaListener\KafktaListener.csproj", "{2794FE89-76EC-4DD4-83D2-F89086C671BE}"
EndProject
Project("{FAE04EC0-301F-11D3-BF4B-00C04F79EFBC}") = "TradingAnalytics", "TradingAnalytics\TradingAnalytics.csproj", "{47C770A3-FE9B-4968-BC21-A544B87DC729}"
EndProject
Global
	GlobalSection(SolutionConfigurationPlatforms) = preSolution
		Debug|Any CPU = Debug|Any CPU
		Release|Any CPU = Release|Any CPU
	EndGlobalSection
	GlobalSection(ProjectConfigurationPlatforms) = postSolution
		{CA104DF1-8AD7-49D1-8BEB-9A3DFAD1E9F6}.Debug|Any CPU.ActiveCfg = Debug|Any CPU
		{CA104DF1-8AD7-49D1-8BEB-9A3DFAD1E9F6}.Debug|Any CPU.Build.0 = Debug|Any CPU
		{CA104DF1-8AD7-49D1-8BEB-9A3DFAD1E9F6}.Release|Any CPU.ActiveCfg = Release|Any CPU
		{CA104DF1-8AD7-49D1-8BEB-9A3DFAD1E9F6}.Release|Any CPU.Build.0 = Release|Any CPU
		{6EDD05EE-AC6D-4ABC-9EFC-F0665CEF79BF}.Debug|Any CPU.ActiveCfg = Debug|Any CPU
		{6EDD05EE-AC6D-4ABC-9EFC-F0665CEF79BF}.Debug|Any CPU.Build.0 = Debug|Any CPU
		{6EDD05EE-AC6D-4ABC-9EFC-F0665CEF79BF}.Release|Any CPU.ActiveCfg = Release|Any CPU
		{6EDD05EE-AC6D-4ABC-9EFC-F0665CEF79BF}.Release|Any CPU.Build.0 = Release|Any CPU
		{2794FE89-76EC-4DD4-83D2-F89086C671BE}.Debug|Any CPU.ActiveCfg = Debug|Any CPU
		{2794FE89-76EC-4DD4-83D2-F89086C671BE}.Debug|Any CPU.Build.0 = Debug|Any CPU
		{2794FE89-76EC-4DD4-83D2-F89086C671BE}.Release|Any CPU.ActiveCfg = Release|Any CPU
		{2794FE89-76EC-4DD4-83D2-F89086C671BE}.Release|Any CPU.Build.0 = Release|Any CPU
		{47C770A3-FE9B-4968-BC21-A544B87DC729}.Debug|Any CPU.ActiveCfg = Debug|Any CPU
		{47C770A3-FE9B-4968-BC21-A544B87DC729}.Debug|Any CPU.Build.0 = Debug|Any CPU
		{47C770A3-FE9B-4968-BC21-A544B87DC729}.Release|Any CPU.ActiveCfg = Release|Any CPU
		{47C770A3-FE9B-4968-BC21-A544B87DC729}.Release|Any CPU.Build.0 = Release|Any CPU
	EndGlobalSection
	GlobalSection(SolutionProperties) = preSolution
		HideSolutionNode = FALSE
	EndGlobalSection
EndGlobal
